
Microsoft Visual Studio Solution File, Format Version 12.00
# Visual Studio Version 17
VisualStudioVersion = 17.5.33627.172
MinimumVisualStudioVersion = 10.0.40219.1
Project("{FAE04EC0-301F-11D3-BF4B-00C04F79EFBC}") = "Simple calculator", "Simple calculator\Simple calculator.csproj", "{0EB5C820-7533-4411-A061-71D15BC94205}"
EndProject
Global
	GlobalSection(SolutionConfigurationPlatforms) = preSolution
		Debug|Any CPU = Debug|Any CPU
		Release|Any CPU = Release|Any CPU
	EndGlobalSection
	GlobalSection(ProjectConfigurationPlatforms) = postSolution
		{0EB5C820-7533-4411-A061-71D15BC94205}.Debug|Any CPU.ActiveCfg = Debug|Any CPU
		{0EB5C820-7533-4411-A061-71D15BC94205}.Debug|Any CPU.Build.0 = Debug|Any CPU
		{0EB5C820-7533-4411-A061-71D15BC94205}.Release|Any CPU.ActiveCfg = Release|Any CPU
		{0EB5C820-7533-4411-A061-71D15BC94205}.Release|Any CPU.Build.0 = Release|Any CPU
	EndGlobalSection
	GlobalSection(SolutionProperties) = preSolution
		HideSolutionNode = FALSE
	EndGlobalSection
	GlobalSection(ExtensibilityGlobals) = postSolution
		SolutionGuid = {31B1F9B1-3C1F-4C64-89F5-671AED525AA9}
	EndGlobalSection
EndGlobal
